// !$*UTF8*$!
{
	archiveVersion = 1;
	classes = {
	};
	objectVersion = 46;
	objects = {

/* Begin PBXBuildFile section */
		4DD37CE11A67D2FB00DF680D /* AppDelegate.swift in Sources */ = {isa = PBXBuildFile; fileRef = 4DD37CE01A67D2FB00DF680D /* AppDelegate.swift */; };
		4DD37CE61A67D2FB00DF680D /* Main.storyboard in Resources */ = {isa = PBXBuildFile; fileRef = 4DD37CE41A67D2FB00DF680D /* Main.storyboard */; };
		4DD37CE81A67D2FB00DF680D /* Images.xcassets in Resources */ = {isa = PBXBuildFile; fileRef = 4DD37CE71A67D2FB00DF680D /* Images.xcassets */; };
		4DD37CEB1A67D2FB00DF680D /* LaunchScreen.xib in Resources */ = {isa = PBXBuildFile; fileRef = 4DD37CE91A67D2FB00DF680D /* LaunchScreen.xib */; };
		4DD37CF71A67D2FB00DF680D /* TreeTests.swift in Sources */ = {isa = PBXBuildFile; fileRef = 4DD37CF61A67D2FB00DF680D /* TreeTests.swift */; };
		4DD37D011A67D35900DF680D /* TableViewController.swift in Sources */ = {isa = PBXBuildFile; fileRef = 4DD37D001A67D35900DF680D /* TableViewController.swift */; };
		4DD37D031A67D99700DF680D /* tree.json in Resources */ = {isa = PBXBuildFile; fileRef = 4DD37D021A67D99700DF680D /* tree.json */; };
		4DD37D051A67DC1700DF680D /* Model.swift in Sources */ = {isa = PBXBuildFile; fileRef = 4DD37D041A67DC1700DF680D /* Model.swift */; };
		934E14181A7AE48100993731 /* View.swift in Sources */ = {isa = PBXBuildFile; fileRef = 934E14171A7AE48100993731 /* View.swift */; };
/* End PBXBuildFile section */

/* Begin PBXContainerItemProxy section */
		4DD37CF11A67D2FB00DF680D /* PBXContainerItemProxy */ = {
			isa = PBXContainerItemProxy;
			containerPortal = 4DD37CD31A67D2FB00DF680D /* Project object */;
			proxyType = 1;
			remoteGlobalIDString = 4DD37CDA1A67D2FB00DF680D;
			remoteInfo = Tree;
		};
/* End PBXContainerItemProxy section */

/* Begin PBXFileReference section */
		4DD37CDB1A67D2FB00DF680D /* Tree.app */ = {isa = PBXFileReference; explicitFileType = wrapper.application; includeInIndex = 0; path = Tree.app; sourceTree = BUILT_PRODUCTS_DIR; };
		4DD37CDF1A67D2FB00DF680D /* Info.plist */ = {isa = PBXFileReference; lastKnownFileType = text.plist.xml; path = Info.plist; sourceTree = "<group>"; };
		4DD37CE01A67D2FB00DF680D /* AppDelegate.swift */ = {isa = PBXFileReference; lastKnownFileType = sourcecode.swift; path = AppDelegate.swift; sourceTree = "<group>"; };
		4DD37CE51A67D2FB00DF680D /* Base */ = {isa = PBXFileReference; lastKnownFileType = file.storyboard; name = Base; path = Base.lproj/Main.storyboard; sourceTree = "<group>"; };
		4DD37CE71A67D2FB00DF680D /* Images.xcassets */ = {isa = PBXFileReference; lastKnownFileType = folder.assetcatalog; path = Images.xcassets; sourceTree = "<group>"; };
		4DD37CEA1A67D2FB00DF680D /* Base */ = {isa = PBXFileReference; lastKnownFileType = file.xib; name = Base; path = Base.lproj/LaunchScreen.xib; sourceTree = "<group>"; };
		4DD37CF01A67D2FB00DF680D /* TreeTests.xctest */ = {isa = PBXFileReference; explicitFileType = wrapper.cfbundle; includeInIndex = 0; path = TreeTests.xctest; sourceTree = BUILT_PRODUCTS_DIR; };
		4DD37CF51A67D2FB00DF680D /* Info.plist */ = {isa = PBXFileReference; lastKnownFileType = text.plist.xml; path = Info.plist; sourceTree = "<group>"; };
		4DD37CF61A67D2FB00DF680D /* TreeTests.swift */ = {isa = PBXFileReference; lastKnownFileType = sourcecode.swift; path = TreeTests.swift; sourceTree = "<group>"; };
		4DD37D001A67D35900DF680D /* TableViewController.swift */ = {isa = PBXFileReference; fileEncoding = 4; lastKnownFileType = sourcecode.swift; path = TableViewController.swift; sourceTree = "<group>"; };
		4DD37D021A67D99700DF680D /* tree.json */ = {isa = PBXFileReference; fileEncoding = 4; lastKnownFileType = text.json; path = tree.json; sourceTree = "<group>"; };
		4DD37D041A67DC1700DF680D /* Model.swift */ = {isa = PBXFileReference; fileEncoding = 4; lastKnownFileType = sourcecode.swift; path = Model.swift; sourceTree = "<group>"; };
		934E14171A7AE48100993731 /* View.swift */ = {isa = PBXFileReference; fileEncoding = 4; lastKnownFileType = sourcecode.swift; path = View.swift; sourceTree = "<group>"; };
/* End PBXFileReference section */

/* Begin PBXFrameworksBuildPhase section */
		4DD37CD81A67D2FB00DF680D /* Frameworks */ = {
			isa = PBXFrameworksBuildPhase;
			buildActionMask = 2147483647;
			files = (
			);
			runOnlyForDeploymentPostprocessing = 0;
		};
		4DD37CED1A67D2FB00DF680D /* Frameworks */ = {
			isa = PBXFrameworksBuildPhase;
			buildActionMask = 2147483647;
			files = (
			);
			runOnlyForDeploymentPostprocessing = 0;
		};
/* End PBXFrameworksBuildPhase section */

/* Begin PBXGroup section */
		4DD37CD21A67D2FB00DF680D = {
			isa = PBXGroup;
			children = (
				4DD37CDD1A67D2FB00DF680D /* Tree */,
				4DD37CF31A67D2FB00DF680D /* TreeTests */,
				4DD37CDC1A67D2FB00DF680D /* Products */,
			);
			sourceTree = "<group>";
		};
		4DD37CDC1A67D2FB00DF680D /* Products */ = {
			isa = PBXGroup;
			children = (
				4DD37CDB1A67D2FB00DF680D /* Tree.app */,
				4DD37CF01A67D2FB00DF680D /* TreeTests.xctest */,
			);
			name = Products;
			sourceTree = "<group>";
		};
		4DD37CDD1A67D2FB00DF680D /* Tree */ = {
			isa = PBXGroup;
			children = (
				4DD37CE01A67D2FB00DF680D /* AppDelegate.swift */,
				4DD37D001A67D35900DF680D /* TableViewController.swift */,
				934E14171A7AE48100993731 /* View.swift */,
				4DD37D041A67DC1700DF680D /* Model.swift */,
				4DD37CE41A67D2FB00DF680D /* Main.storyboard */,
				4DD37CE71A67D2FB00DF680D /* Images.xcassets */,
				4DD37CE91A67D2FB00DF680D /* LaunchScreen.xib */,
				4DD37CDE1A67D2FB00DF680D /* Supporting Files */,
			);
			path = Tree;
			sourceTree = "<group>";
		};
		4DD37CDE1A67D2FB00DF680D /* Supporting Files */ = {
			isa = PBXGroup;
			children = (
				4DD37CDF1A67D2FB00DF680D /* Info.plist */,
				4DD37D021A67D99700DF680D /* tree.json */,
			);
			name = "Supporting Files";
			sourceTree = "<group>";
		};
		4DD37CF31A67D2FB00DF680D /* TreeTests */ = {
			isa = PBXGroup;
			children = (
				4DD37CF61A67D2FB00DF680D /* TreeTests.swift */,
				4DD37CF41A67D2FB00DF680D /* Supporting Files */,
			);
			path = TreeTests;
			sourceTree = "<group>";
		};
		4DD37CF41A67D2FB00DF680D /* Supporting Files */ = {
			isa = PBXGroup;
			children = (
				4DD37CF51A67D2FB00DF680D /* Info.plist */,
			);
			name = "Supporting Files";
			sourceTree = "<group>";
		};
/* End PBXGroup section */

/* Begin PBXNativeTarget section */
		4DD37CDA1A67D2FB00DF680D /* Tree */ = {
			isa = PBXNativeTarget;
			buildConfigurationList = 4DD37CFA1A67D2FC00DF680D /* Build configuration list for PBXNativeTarget "Tree" */;
			buildPhases = (
				4DD37CD71A67D2FB00DF680D /* Sources */,
				4DD37CD81A67D2FB00DF680D /* Frameworks */,
				4DD37CD91A67D2FB00DF680D /* Resources */,
			);
			buildRules = (
			);
			dependencies = (
			);
			name = Tree;
			productName = Tree;
			productReference = 4DD37CDB1A67D2FB00DF680D /* Tree.app */;
			productType = "com.apple.product-type.application";
		};
		4DD37CEF1A67D2FB00DF680D /* TreeTests */ = {
			isa = PBXNativeTarget;
			buildConfigurationList = 4DD37CFD1A67D2FC00DF680D /* Build configuration list for PBXNativeTarget "TreeTests" */;
			buildPhases = (
				4DD37CEC1A67D2FB00DF680D /* Sources */,
				4DD37CED1A67D2FB00DF680D /* Frameworks */,
				4DD37CEE1A67D2FB00DF680D /* Resources */,
			);
			buildRules = (
			);
			dependencies = (
				4DD37CF21A67D2FB00DF680D /* PBXTargetDependency */,
			);
			name = TreeTests;
			productName = TreeTests;
			productReference = 4DD37CF01A67D2FB00DF680D /* TreeTests.xctest */;
			productType = "com.apple.product-type.bundle.unit-test";
		};
/* End PBXNativeTarget section */

/* Begin PBXProject section */
		4DD37CD31A67D2FB00DF680D /* Project object */ = {
			isa = PBXProject;
			attributes = {
				LastUpgradeCheck = 0610;
				ORGANIZATIONNAME = "Mark Meretzky";
				TargetAttributes = {
					4DD37CDA1A67D2FB00DF680D = {
						CreatedOnToolsVersion = 6.1.1;
					};
					4DD37CEF1A67D2FB00DF680D = {
						CreatedOnToolsVersion = 6.1.1;
						TestTargetID = 4DD37CDA1A67D2FB00DF680D;
					};
				};
			};
			buildConfigurationList = 4DD37CD61A67D2FB00DF680D /* Build configuration list for PBXProject "Tree" */;
			compatibilityVersion = "Xcode 3.2";
			developmentRegion = English;
			hasScannedForEncodings = 0;
			knownRegions = (
				en,
				Base,
			);
			mainGroup = 4DD37CD21A67D2FB00DF680D;
			productRefGroup = 4DD37CDC1A67D2FB00DF680D /* Products */;
			projectDirPath = "";
			projectRoot = "";
			targets = (
				4DD37CDA1A67D2FB00DF680D /* Tree */,
				4DD37CEF1A67D2FB00DF680D /* TreeTests */,
			);
		};
/* End PBXProject section */

/* Begin PBXResourcesBuildPhase section */
		4DD37CD91A67D2FB00DF680D /* Resources */ = {
			isa = PBXResourcesBuildPhase;
			buildActionMask = 2147483647;
			files = (
				4DD37CE61A67D2FB00DF680D /* Main.storyboard in Resources */,
				4DD37D031A67D99700DF680D /* tree.json in Resources */,
				4DD37CEB1A67D2FB00DF680D /* LaunchScreen.xib in Resources */,
				4DD37CE81A67D2FB00DF680D /* Images.xcassets in Resources */,
			);
			runOnlyForDeploymentPostprocessing = 0;
		};
		4DD37CEE1A67D2FB00DF680D /* Resources */ = {
			isa = PBXResourcesBuildPhase;
			buildActionMask = 2147483647;
			files = (
			);
			runOnlyForDeploymentPostprocessing = 0;
		};
/* End PBXResourcesBuildPhase section */

/* Begin PBXSourcesBuildPhase section */
		4DD37CD71A67D2FB00DF680D /* Sources */ = {
			isa = PBXSourcesBuildPhase;
			buildActionMask = 2147483647;
			files = (
				934E14181A7AE48100993731 /* View.swift in Sources */,
				4DD37D011A67D35900DF680D /* TableViewController.swift in Sources */,
				4DD37CE11A67D2FB00DF680D /* AppDelegate.swift in Sources */,
				4DD37D051A67DC1700DF680D /* Model.swift in Sources */,
			);
			runOnlyForDeploymentPostprocessing = 0;
		};
		4DD37CEC1A67D2FB00DF680D /* Sources */ = {
			isa = PBXSourcesBuildPhase;
			buildActionMask = 2147483647;
			files = (
				4DD37CF71A67D2FB00DF680D /* TreeTests.swift in Sources */,
			);
			runOnlyForDeploymentPostprocessing = 0;
		};
/* End PBXSourcesBuildPhase section */

/* Begin PBXTargetDependency section */
		4DD37CF21A67D2FB00DF680D /* PBXTargetDependency */ = {
			isa = PBXTargetDependency;
			target = 4DD37CDA1A67D2FB00DF680D /* Tree */;
			targetProxy = 4DD37CF11A67D2FB00DF680D /* PBXContainerItemProxy */;
		};
/* End PBXTargetDependency section */

/* Begin PBXVariantGroup section */
		4DD37CE41A67D2FB00DF680D /* Main.storyboard */ = {
			isa = PBXVariantGroup;
			children = (
				4DD37CE51A67D2FB00DF680D /* Base */,
			);
			name = Main.storyboard;
			sourceTree = "<group>";
		};
		4DD37CE91A67D2FB00DF680D /* LaunchScreen.xib */ = {
			isa = PBXVariantGroup;
			children = (
				4DD37CEA1A67D2FB00DF680D /* Base */,
			);
			name = LaunchScreen.xib;
			sourceTree = "<group>";
		};
/* End PBXVariantGroup section */

/* Begin XCBuildConfiguration section */
		4DD37CF81A67D2FC00DF680D /* Debug */ = {
			isa = XCBuildConfiguration;
			buildSettings = {
				ALWAYS_SEARCH_USER_PATHS = NO;
				CLANG_CXX_LANGUAGE_STANDARD = "gnu++0x";
				CLANG_CXX_LIBRARY = "libc++";
				CLANG_ENABLE_MODULES = YES;
				CLANG_ENABLE_OBJC_ARC = YES;
				CLANG_WARN_BOOL_CONVERSION = YES;
				CLANG_WARN_CONSTANT_CONVERSION = YES;
				CLANG_WARN_DIRECT_OBJC_ISA_USAGE = YES_ERROR;
				CLANG_WARN_EMPTY_BODY = YES;
				CLANG_WARN_ENUM_CONVERSION = YES;
				CLANG_WARN_INT_CONVERSION = YES;
				CLANG_WARN_OBJC_ROOT_CLASS = YES_ERROR;
				CLANG_WARN_UNREACHABLE_CODE = YES;
				CLANG_WARN__DUPLICATE_METHOD_MATCH = YES;
				"CODE_SIGN_IDENTITY[sdk=iphoneos*]" = "iPhone Developer";
				COPY_PHASE_STRIP = NO;
				ENABLE_STRICT_OBJC_MSGSEND = YES;
				GCC_C_LANGUAGE_STANDARD = gnu99;
				GCC_DYNAMIC_NO_PIC = NO;
				GCC_OPTIMIZATION_LEVEL = 0;
				GCC_PREPROCESSOR_DEFINITIONS = (
					"DEBUG=1",
					"$(inherited)",
				);
				GCC_SYMBOLS_PRIVATE_EXTERN = NO;
				GCC_WARN_64_TO_32_BIT_CONVERSION = YES;
				GCC_WARN_ABOUT_RETURN_TYPE = YES_ERROR;
				GCC_WARN_UNDECLARED_SELECTOR = YES;
				GCC_WARN_UNINITIALIZED_AUTOS = YES_AGGRESSIVE;
				GCC_WARN_UNUSED_FUNCTION = YES;
				GCC_WARN_UNUSED_VARIABLE = YES;
				IPHONEOS_DEPLOYMENT_TARGET = 8.1;
				MTL_ENABLE_DEBUG_INFO = YES;
				ONLY_ACTIVE_ARCH = YES;
				SDKROOT = iphoneos;
				SWIFT_OPTIMIZATION_LEVEL = "-Onone";
			};
			name = Debug;
		};
		4DD37CF91A67D2FC00DF680D /* Release */ = {
			isa = XCBuildConfiguration;
			buildSettings = {
				ALWAYS_SEARCH_USER_PATHS = NO;
				CLANG_CXX_LANGUAGE_STANDARD = "gnu++0x";
				CLANG_CXX_LIBRARY = "libc++";
				CLANG_ENABLE_MODULES = YES;
				CLANG_ENABLE_OBJC_ARC = YES;
				CLANG_WARN_BOOL_CONVERSION = YES;
				CLANG_WARN_CONSTANT_CONVERSION = YES;
				CLANG_WARN_DIRECT_OBJC_ISA_USAGE = YES_ERROR;
				CLANG_WARN_EMPTY_BODY = YES;
				CLANG_WARN_ENUM_CONVERSION = YES;
				CLANG_WARN_INT_CONVERSION = YES;
				CLANG_WARN_OBJC_ROOT_CLASS = YES_ERROR;
				CLANG_WARN_UNREACHABLE_CODE = YES;
				CLANG_WARN__DUPLICATE_METHOD_MATCH = YES;
				"CODE_SIGN_IDENTITY[sdk=iphoneos*]" = "iPhone Developer";
				COPY_PHASE_STRIP = YES;
				ENABLE_NS_ASSERTIONS = NO;
				ENABLE_STRICT_OBJC_MSGSEND = YES;
				GCC_C_LANGUAGE_STANDARD = gnu99;
				GCC_WARN_64_TO_32_BIT_CONVERSION = YES;
				GCC_WARN_ABOUT_RETURN_TYPE = YES_ERROR;
				GCC_WARN_UNDECLARED_SELECTOR = YES;
				GCC_WARN_UNINITIALIZED_AUTOS = YES_AGGRESSIVE;
				GCC_WARN_UNUSED_FUNCTION = YES;
				GCC_WARN_UNUSED_VARIABLE = YES;
				IPHONEOS_DEPLOYMENT_TARGET = 8.1;
				MTL_ENABLE_DEBUG_INFO = NO;
				SDKROOT = iphoneos;
				VALIDATE_PRODUCT = YES;
			};
			name = Release;
		};
		4DD37CFB1A67D2FC00DF680D /* Debug */ = {
			isa = XCBuildConfiguration;
			buildSettings = {
				ASSETCATALOG_COMPILER_APPICON_NAME = AppIcon;
				INFOPLIST_FILE = Tree/Info.plist;
				LD_RUNPATH_SEARCH_PATHS = "$(inherited) @executable_path/Frameworks";
				PRODUCT_NAME = "$(TARGET_NAME)";
			};
			name = Debug;
		};
		4DD37CFC1A67D2FC00DF680D /* Release */ = {
			isa = XCBuildConfiguration;
			buildSettings = {
				ASSETCATALOG_COMPILER_APPICON_NAME = AppIcon;
				INFOPLIST_FILE = Tree/Info.plist;
				LD_RUNPATH_SEARCH_PATHS = "$(inherited) @executable_path/Frameworks";
				PRODUCT_NAME = "$(TARGET_NAME)";
			};
			name = Release;
		};
		4DD37CFE1A67D2FC00DF680D /* Debug */ = {
			isa = XCBuildConfiguration;
			buildSettings = {
				BUNDLE_LOADER = "$(TEST_HOST)";
				FRAMEWORK_SEARCH_PATHS = (
					"$(SDKROOT)/Developer/Library/Frameworks",
					"$(inherited)",
				);
				GCC_PREPROCESSOR_DEFINITIONS = (
					"DEBUG=1",
					"$(inherited)",
				);
				INFOPLIST_FILE = TreeTests/Info.plist;
				LD_RUNPATH_SEARCH_PATHS = "$(inherited) @executable_path/Frameworks @loader_path/Frameworks";
				PRODUCT_NAME = "$(TARGET_NAME)";
				TEST_HOST = "$(BUILT_PRODUCTS_DIR)/Tree.app/Tree";
			};
			name = Debug;
		};
		4DD37CFF1A67D2FC00DF680D /* Release */ = {
			isa = XCBuildConfiguration;
			buildSettings = {
				BUNDLE_LOADER = "$(TEST_HOST)";
				FRAMEWORK_SEARCH_PATHS = (
					"$(SDKROOT)/Developer/Library/Frameworks",
					"$(inherited)",
				);
				INFOPLIST_FILE = TreeTests/Info.plist;
				LD_RUNPATH_SEARCH_PATHS = "$(inherited) @executable_path/Frameworks @loader_path/Frameworks";
				PRODUCT_NAME = "$(TARGET_NAME)";
				TEST_HOST = "$(BUILT_PRODUCTS_DIR)/Tree.app/Tree";
			};
			name = Release;
		};
/* End XCBuildConfiguration section */

/* Begin XCConfigurationList section */
		4DD37CD61A67D2FB00DF680D /* Build configuration list for PBXProject "Tree" */ = {
			isa = XCConfigurationList;
			buildConfigurations = (
				4DD37CF81A67D2FC00DF680D /* Debug */,
				4DD37CF91A67D2FC00DF680D /* Release */,
			);
			defaultConfigurationIsVisible = 0;
			defaultConfigurationName = Release;
		};
		4DD37CFA1A67D2FC00DF680D /* Build configuration list for PBXNativeTarget "Tree" */ = {
			isa = XCConfigurationList;
			buildConfigurations = (
				4DD37CFB1A67D2FC00DF680D /* Debug */,
				4DD37CFC1A67D2FC00DF680D /* Release */,
			);
			defaultConfigurationIsVisible = 0;
			defaultConfigurationName = Release;
		};
		4DD37CFD1A67D2FC00DF680D /* Build configuration list for PBXNativeTarget "TreeTests" */ = {
			isa = XCConfigurationList;
			buildConfigurations = (
				4DD37CFE1A67D2FC00DF680D /* Debug */,
				4DD37CFF1A67D2FC00DF680D /* Release */,
			);
			defaultConfigurationIsVisible = 0;
			defaultConfigurationName = Release;
		};
/* End XCConfigurationList section */
	};
	rootObject = 4DD37CD31A67D2FB00DF680D /* Project object */;
}
